
Microsoft Visual Studio Solution File, Format Version 12.00
# Visual Studio Version 17
VisualStudioVersion = 17.7.34031.279
MinimumVisualStudioVersion = 10.0.40219.1
Project("{FAE04EC0-301F-11D3-BF4B-00C04F79EFBC}") = "MVC", "MVC\MVC.csproj", "{A5CA42F9-675E-4C90-BB09-1EB3BBD86631}"
EndProject
Global
	GlobalSection(SolutionConfigurationPlatforms) = preSolution
		Debug|Any CPU = Debug|Any CPU
		Release|Any CPU = Release|Any CPU
	EndGlobalSection
	GlobalSection(ProjectConfigurationPlatforms) = postSolution
		{A5CA42F9-675E-4C90-BB09-1EB3BBD86631}.Debug|Any CPU.ActiveCfg = Debug|Any CPU
		{A5CA42F9-675E-4C90-BB09-1EB3BBD86631}.Debug|Any CPU.Build.0 = Debug|Any CPU
		{A5CA42F9-675E-4C90-BB09-1EB3BBD86631}.Release|Any CPU.ActiveCfg = Release|Any CPU
		{A5CA42F9-675E-4C90-BB09-1EB3BBD86631}.Release|Any CPU.Build.0 = Release|Any CPU
	EndGlobalSection
	GlobalSection(SolutionProperties) = preSolution
		HideSolutionNode = FALSE
	EndGlobalSection
	GlobalSection(ExtensibilityGlobals) = postSolution
		SolutionGuid = {C1A508B9-8927-4C7B-B16C-686F2E7D4DDC}
	EndGlobalSection
EndGlobal
